
Microsoft Visual Studio Solution File, Format Version 12.00
# Visual Studio Version 17
VisualStudioVersion = 17.4.33205.214
MinimumVisualStudioVersion = 10.0.40219.1
Project("{9A19103F-16F7-4668-BE54-9A1E7A4F7556}") = "RockstarsManagementSquad", "RockstarsManagementSquad\RockstarsManagementSquad.csproj", "{A91B7974-D94D-4D43-A6FA-F264E3E8121B}"
EndProject
Project("{FAE04EC0-301F-11D3-BF4B-00C04F79EFBC}") = "RockstarsManagementSquadLibrary", "RockstarsManagementSquadLibrary\RockstarsManagementSquadLibrary.csproj", "{2F933BD3-23E9-4028-984F-843EA27F8A94}"
EndProject
Global
	GlobalSection(SolutionConfigurationPlatforms) = preSolution
		Debug|Any CPU = Debug|Any CPU
		Release|Any CPU = Release|Any CPU
	EndGlobalSection
	GlobalSection(ProjectConfigurationPlatforms) = postSolution
		{A91B7974-D94D-4D43-A6FA-F264E3E8121B}.Debug|Any CPU.ActiveCfg = Debug|Any CPU
		{A91B7974-D94D-4D43-A6FA-F264E3E8121B}.Debug|Any CPU.Build.0 = Debug|Any CPU
		{A91B7974-D94D-4D43-A6FA-F264E3E8121B}.Release|Any CPU.ActiveCfg = Release|Any CPU
		{A91B7974-D94D-4D43-A6FA-F264E3E8121B}.Release|Any CPU.Build.0 = Release|Any CPU
		{2F933BD3-23E9-4028-984F-843EA27F8A94}.Debug|Any CPU.ActiveCfg = Debug|Any CPU
		{2F933BD3-23E9-4028-984F-843EA27F8A94}.Debug|Any CPU.Build.0 = Debug|Any CPU
		{2F933BD3-23E9-4028-984F-843EA27F8A94}.Release|Any CPU.ActiveCfg = Release|Any CPU
		{2F933BD3-23E9-4028-984F-843EA27F8A94}.Release|Any CPU.Build.0 = Release|Any CPU
	EndGlobalSection
	GlobalSection(SolutionProperties) = preSolution
		HideSolutionNode = FALSE
	EndGlobalSection
	GlobalSection(ExtensibilityGlobals) = postSolution
		SolutionGuid = {A6CBF825-DC57-40E6-AE44-2D50805A3492}
	EndGlobalSection
EndGlobal
